{
  "name": "my-workspace-project",
  "version": "1.0.0",
  "lockfileVersion": 3,
  "requires": true,
  "packages": {
    "": {
      "name": "my-workspace-project",
      "version": "1.0.0",
      "workspaces": [
        "packages/*"
      ]
    },
    "node_modules/app": {
      "resolved": "packages/app",
      "link": true
    },
    "node_modules/lodash": {
      "version": "4.17.21",
      "resolved": "https://registry.npmjs.org/lodash/-/lodash-4.17.21.tgz",
      "integrity": "sha512-v2kDEe57lecTulaDIuNTPy3Ry4gLGJ6Z1O3vE1krgXZNrsQ+LFTGHVxVjcXPs17LhbZVGedAJv8XZ1tvj5FvSg==",
      "license": "MIT"
    },
    "node_modules/shared-lib": {
      "resolved": "packages/shared-lib",
      "link": true
    },
    "packages/app": {
      "version": "1.0.0",
      "dependencies": {
        "lodash": "4.17.15",
        "shared-lib": "1.0.0"
      }
    },
    "packages/shared-lib": {
      "version": "1.0.0"
    }
  }
}
